
Microsoft Visual Studio Solution File, Format Version 11.00
# Visual Studio 2010
Project("{FAE04EC0-301F-11D3-BF4B-00C04F79EFBC}") = "Assembly-CSharp", "Assembly-CSharp.csproj", "{63AD88E5-4DB4-404D-6151-0FC605470F0F}"
EndProject
Project("{FAE04EC0-301F-11D3-BF4B-00C04F79EFBC}") = "Assembly-CSharp-Editor", "Assembly-CSharp-Editor.csproj", "{0D394BF3-5D16-033A-F5CA-D5B02A1A6B4E}"
EndProject
Global
	GlobalSection(SolutionConfigurationPlatforms) = preSolution
		Debug|Any CPU = Debug|Any CPU
		Release|Any CPU = Release|Any CPU
	EndGlobalSection
	GlobalSection(ProjectConfigurationPlatforms) = postSolution
		{63AD88E5-4DB4-404D-6151-0FC605470F0F}.Debug|Any CPU.ActiveCfg = Debug|Any CPU
		{63AD88E5-4DB4-404D-6151-0FC605470F0F}.Debug|Any CPU.Build.0 = Debug|Any CPU
		{63AD88E5-4DB4-404D-6151-0FC605470F0F}.Release|Any CPU.ActiveCfg = Release|Any CPU
		{63AD88E5-4DB4-404D-6151-0FC605470F0F}.Release|Any CPU.Build.0 = Release|Any CPU
		{0D394BF3-5D16-033A-F5CA-D5B02A1A6B4E}.Debug|Any CPU.ActiveCfg = Debug|Any CPU
		{0D394BF3-5D16-033A-F5CA-D5B02A1A6B4E}.Debug|Any CPU.Build.0 = Debug|Any CPU
		{0D394BF3-5D16-033A-F5CA-D5B02A1A6B4E}.Release|Any CPU.ActiveCfg = Release|Any CPU
		{0D394BF3-5D16-033A-F5CA-D5B02A1A6B4E}.Release|Any CPU.Build.0 = Release|Any CPU
	EndGlobalSection
	GlobalSection(SolutionProperties) = preSolution
		HideSolutionNode = FALSE
	EndGlobalSection
EndGlobal
