
Microsoft Visual Studio Solution File, Format Version 11.00
# Visual Studio 2010
Project("{FAE04EC0-301F-11D3-BF4B-00C04F79EFBC}") = "Assembly-CSharp", "Assembly-CSharp.csproj", "{e588ad63-b44d-4d40-6151-0fc605470f0f}"
EndProject
Project("{FAE04EC0-301F-11D3-BF4B-00C04F79EFBC}") = "Assembly-CSharp-Editor", "Assembly-CSharp-Editor.csproj", "{f34b390d-165d-3a03-f5ca-d5b02a1a6b4e}"
EndProject
Global
	GlobalSection(SolutionConfigurationPlatforms) = preSolution
		Debug|Any CPU = Debug|Any CPU
		Release|Any CPU = Release|Any CPU
	EndGlobalSection
	GlobalSection(ProjectConfigurationPlatforms) = postSolution
		{e588ad63-b44d-4d40-6151-0fc605470f0f}.Debug|Any CPU.ActiveCfg = Debug|Any CPU
		{e588ad63-b44d-4d40-6151-0fc605470f0f}.Debug|Any CPU.Build.0 = Debug|Any CPU
		{e588ad63-b44d-4d40-6151-0fc605470f0f}.Release|Any CPU.ActiveCfg = Release|Any CPU
		{e588ad63-b44d-4d40-6151-0fc605470f0f}.Release|Any CPU.Build.0 = Release|Any CPU
		{f34b390d-165d-3a03-f5ca-d5b02a1a6b4e}.Debug|Any CPU.ActiveCfg = Debug|Any CPU
		{f34b390d-165d-3a03-f5ca-d5b02a1a6b4e}.Debug|Any CPU.Build.0 = Debug|Any CPU
		{f34b390d-165d-3a03-f5ca-d5b02a1a6b4e}.Release|Any CPU.ActiveCfg = Release|Any CPU
		{f34b390d-165d-3a03-f5ca-d5b02a1a6b4e}.Release|Any CPU.Build.0 = Release|Any CPU
	EndGlobalSection
	GlobalSection(SolutionProperties) = preSolution
		HideSolutionNode = FALSE
	EndGlobalSection
EndGlobal
